
Microsoft Visual Studio Solution File, Format Version 12.00
# Visual Studio Version 17
VisualStudioVersion = 17.2.32505.173
MinimumVisualStudioVersion = 10.0.40219.1
Project("{FAE04EC0-301F-11D3-BF4B-00C04F79EFBC}") = "task1", "task1\task1.csproj", "{A6C9EE67-6C88-4AC1-8357-296D40002201}"
EndProject
Global
	GlobalSection(SolutionConfigurationPlatforms) = preSolution
		Debug|Any CPU = Debug|Any CPU
		Release|Any CPU = Release|Any CPU
	EndGlobalSection
	GlobalSection(ProjectConfigurationPlatforms) = postSolution
		{A6C9EE67-6C88-4AC1-8357-296D40002201}.Debug|Any CPU.ActiveCfg = Debug|Any CPU
		{A6C9EE67-6C88-4AC1-8357-296D40002201}.Debug|Any CPU.Build.0 = Debug|Any CPU
		{A6C9EE67-6C88-4AC1-8357-296D40002201}.Release|Any CPU.ActiveCfg = Release|Any CPU
		{A6C9EE67-6C88-4AC1-8357-296D40002201}.Release|Any CPU.Build.0 = Release|Any CPU
	EndGlobalSection
	GlobalSection(SolutionProperties) = preSolution
		HideSolutionNode = FALSE
	EndGlobalSection
	GlobalSection(ExtensibilityGlobals) = postSolution
		SolutionGuid = {C90A76E8-F523-4EAD-A0D6-C3DE65FBBEAA}
	EndGlobalSection
EndGlobal
